<?xml version="1.0" encoding="utf-8"?>
<Project ToolsVersion="4.0" xmlns="http://schemas.microsoft.com/developer/msbuild/2003">
  <ItemGroup>
    <ClCompile Include="Rocket.cpp">
      <Filter>Source Files</Filter>
    </ClCompile>
    <ClCompile Include="Box2d.cpp">
      <Filter>Source Files</Filter>
    </ClCompile>
    <ClCompile Include="GrapplePoint.cpp">
      <Filter>Source Files</Filter>
    </ClCompile>
    <ClCompile Include="LevelManager.cpp">
      <Filter>Source Files</Filter>
    </ClCompile>
    <ClCompile Include="LevelObstacle.cpp">
      <Filter>Source Files</Filter>
    </ClCompile>
    <ClCompile Include="main.cpp">
      <Filter>Source Files</Filter>
    </ClCompile>
    <ClCompile Include="Manager.cpp">
      <Filter>Source Files</Filter>
    </ClCompile>
    <ClCompile Include="Object.cpp">
      <Filter>Source Files</Filter>
    </ClCompile>
    <ClCompile Include="ParticleManager.cpp">
      <Filter>Source Files</Filter>
    </ClCompile>
    <ClCompile Include="Particles.cpp">
      <Filter>Source Files</Filter>
    </ClCompile>
    <ClCompile Include="Player.cpp">
      <Filter>Source Files</Filter>
    </ClCompile>
    <ClCompile Include="Goal.cpp">
      <Filter>Source Files</Filter>
    </ClCompile>
    <ClCompile Include="Menu.cpp">
      <Filter>Source Files</Filter>
    </ClCompile>
    <ClCompile Include="Turret.cpp">
      <Filter>Source Files</Filter>
    </ClCompile>
    <ClCompile Include="OptionButton.cpp">
      <Filter>Source Files</Filter>
    </ClCompile>
    <ClCompile Include="Debug.cpp">
      <Filter>Source Files</Filter>
    </ClCompile>
    <ClCompile Include="SoundManager.cpp">
      <Filter>Source Files</Filter>
    </ClCompile>
  </ItemGroup>
  <ItemGroup>
    <ClInclude Include="Box2d.h">
      <Filter>Header Files</Filter>
    </ClInclude>
    <ClInclude Include="GrapplePoint.h">
      <Filter>Header Files</Filter>
    </ClInclude>
    <ClInclude Include="LevelManager.h">
      <Filter>Header Files</Filter>
    </ClInclude>
    <ClInclude Include="LevelObstacle.h">
      <Filter>Header Files</Filter>
    </ClInclude>
    <ClInclude Include="Manager.h">
      <Filter>Header Files</Filter>
    </ClInclude>
    <ClInclude Include="Object.h">
      <Filter>Header Files</Filter>
    </ClInclude>
    <ClInclude Include="ParticleManager.h">
      <Filter>Header Files</Filter>
    </ClInclude>
    <ClInclude Include="Particles.h">
      <Filter>Header Files</Filter>
    </ClInclude>
    <ClInclude Include="Player.h">
      <Filter>Header Files</Filter>
    </ClInclude>
    <ClInclude Include="PlayerContactListener.h">
      <Filter>Header Files</Filter>
    </ClInclude>
    <ClInclude Include="Rocket.h">
      <Filter>Header Files</Filter>
    </ClInclude>
    <ClInclude Include="Tag Enum.h">
      <Filter>Header Files</Filter>
    </ClInclude>
    <ClInclude Include="Goal.h">
      <Filter>Header Files</Filter>
    </ClInclude>
    <ClInclude Include="Menu.h">
      <Filter>Header Files</Filter>
    </ClInclude>
    <ClInclude Include="Turret.h">
      <Filter>Header Files</Filter>
    </ClInclude>
    <ClInclude Include="OptionButton.h">
      <Filter>Header Files</Filter>
    </ClInclude>
    <ClInclude Include="Debug.h">
      <Filter>Header Files</Filter>
    </ClInclude>
    <ClInclude Include="SoundManager.h">
      <Filter>Header Files</Filter>
    </ClInclude>
  </ItemGroup>
  <ItemGroup>
    <Filter Include="Header Files">
      <UniqueIdentifier>{79e89049-b8b3-45df-b952-3bbe9cf0020f}</UniqueIdentifier>
    </Filter>
    <Filter Include="Source Files">
      <UniqueIdentifier>{4fe0b904-ff45-4f17-a75f-30fbee1b8acd}</UniqueIdentifier>
    </Filter>
  </ItemGroup>
</Project>